// !$*UTF8*$!
{
	archiveVersion = 1;
	classes = {
	};
	objectVersion = 46;
	objects = {

/* Begin PBXBuildFile section */
		708CCC571C93B3ED00A8C781 /* AppDelegate.swift in Sources */ = {isa = PBXBuildFile; fileRef = 708CCC561C93B3ED00A8C781 /* AppDelegate.swift */; };
		708CCC591C93B3ED00A8C781 /* ViewController.swift in Sources */ = {isa = PBXBuildFile; fileRef = 708CCC581C93B3ED00A8C781 /* ViewController.swift */; };
		708CCC5C1C93B3ED00A8C781 /* Main.storyboard in Resources */ = {isa = PBXBuildFile; fileRef = 708CCC5A1C93B3ED00A8C781 /* Main.storyboard */; };
		708CCC5E1C93B3ED00A8C781 /* Assets.xcassets in Resources */ = {isa = PBXBuildFile; fileRef = 708CCC5D1C93B3ED00A8C781 /* Assets.xcassets */; };
		708CCC611C93B3ED00A8C781 /* LaunchScreen.storyboard in Resources */ = {isa = PBXBuildFile; fileRef = 708CCC5F1C93B3ED00A8C781 /* LaunchScreen.storyboard */; };
		708CCC691C93BF4D00A8C781 /* DragImg.swift in Sources */ = {isa = PBXBuildFile; fileRef = 708CCC681C93BF4D00A8C781 /* DragImg.swift */; };
		708CCC6B1C94B5CD00A8C781 /* MonsterImg.swift in Sources */ = {isa = PBXBuildFile; fileRef = 708CCC6A1C94B5CD00A8C781 /* MonsterImg.swift */; };
		708CCC711C94F7BE00A8C781 /* bite.wav in Resources */ = {isa = PBXBuildFile; fileRef = 708CCC6C1C94F7BE00A8C781 /* bite.wav */; };
		708CCC721C94F7BE00A8C781 /* cave-music.mp3 in Resources */ = {isa = PBXBuildFile; fileRef = 708CCC6D1C94F7BE00A8C781 /* cave-music.mp3 */; };
		708CCC731C94F7BE00A8C781 /* death.wav in Resources */ = {isa = PBXBuildFile; fileRef = 708CCC6E1C94F7BE00A8C781 /* death.wav */; };
		708CCC741C94F7BE00A8C781 /* heart.wav in Resources */ = {isa = PBXBuildFile; fileRef = 708CCC6F1C94F7BE00A8C781 /* heart.wav */; };
		708CCC751C94F7BE00A8C781 /* skull.wav in Resources */ = {isa = PBXBuildFile; fileRef = 708CCC701C94F7BE00A8C781 /* skull.wav */; };
/* End PBXBuildFile section */

/* Begin PBXFileReference section */
		708CCC531C93B3ED00A8C781 /* Gigapet.app */ = {isa = PBXFileReference; explicitFileType = wrapper.application; includeInIndex = 0; path = Gigapet.app; sourceTree = BUILT_PRODUCTS_DIR; };
		708CCC561C93B3ED00A8C781 /* AppDelegate.swift */ = {isa = PBXFileReference; lastKnownFileType = sourcecode.swift; path = AppDelegate.swift; sourceTree = "<group>"; };
		708CCC581C93B3ED00A8C781 /* ViewController.swift */ = {isa = PBXFileReference; lastKnownFileType = sourcecode.swift; path = ViewController.swift; sourceTree = "<group>"; };
		708CCC5B1C93B3ED00A8C781 /* Base */ = {isa = PBXFileReference; lastKnownFileType = file.storyboard; name = Base; path = Base.lproj/Main.storyboard; sourceTree = "<group>"; };
		708CCC5D1C93B3ED00A8C781 /* Assets.xcassets */ = {isa = PBXFileReference; lastKnownFileType = folder.assetcatalog; path = Assets.xcassets; sourceTree = "<group>"; };
		708CCC601C93B3ED00A8C781 /* Base */ = {isa = PBXFileReference; lastKnownFileType = file.storyboard; name = Base; path = Base.lproj/LaunchScreen.storyboard; sourceTree = "<group>"; };
		708CCC621C93B3ED00A8C781 /* Info.plist */ = {isa = PBXFileReference; lastKnownFileType = text.plist.xml; path = Info.plist; sourceTree = "<group>"; };
		708CCC681C93BF4D00A8C781 /* DragImg.swift */ = {isa = PBXFileReference; fileEncoding = 4; lastKnownFileType = sourcecode.swift; path = DragImg.swift; sourceTree = "<group>"; };
		708CCC6A1C94B5CD00A8C781 /* MonsterImg.swift */ = {isa = PBXFileReference; fileEncoding = 4; lastKnownFileType = sourcecode.swift; path = MonsterImg.swift; sourceTree = "<group>"; };
		708CCC6C1C94F7BE00A8C781 /* bite.wav */ = {isa = PBXFileReference; lastKnownFileType = audio.wav; path = bite.wav; sourceTree = "<group>"; };
		708CCC6D1C94F7BE00A8C781 /* cave-music.mp3 */ = {isa = PBXFileReference; lastKnownFileType = audio.mp3; path = "cave-music.mp3"; sourceTree = "<group>"; };
		708CCC6E1C94F7BE00A8C781 /* death.wav */ = {isa = PBXFileReference; lastKnownFileType = audio.wav; path = death.wav; sourceTree = "<group>"; };
		708CCC6F1C94F7BE00A8C781 /* heart.wav */ = {isa = PBXFileReference; lastKnownFileType = audio.wav; path = heart.wav; sourceTree = "<group>"; };
		708CCC701C94F7BE00A8C781 /* skull.wav */ = {isa = PBXFileReference; lastKnownFileType = audio.wav; path = skull.wav; sourceTree = "<group>"; };
/* End PBXFileReference section */

/* Begin PBXFrameworksBuildPhase section */
		708CCC501C93B3ED00A8C781 /* Frameworks */ = {
			isa = PBXFrameworksBuildPhase;
			buildActionMask = 2147483647;
			files = (
			);
			runOnlyForDeploymentPostprocessing = 0;
		};
/* End PBXFrameworksBuildPhase section */

/* Begin PBXGroup section */
		708CCC4A1C93B3ED00A8C781 = {
			isa = PBXGroup;
			children = (
				708CCC551C93B3ED00A8C781 /* Gigapet */,
				708CCC541C93B3ED00A8C781 /* Products */,
			);
			sourceTree = "<group>";
		};
		708CCC541C93B3ED00A8C781 /* Products */ = {
			isa = PBXGroup;
			children = (
				708CCC531C93B3ED00A8C781 /* Gigapet.app */,
			);
			name = Products;
			sourceTree = "<group>";
		};
		708CCC551C93B3ED00A8C781 /* Gigapet */ = {
			isa = PBXGroup;
			children = (
				708CCC6C1C94F7BE00A8C781 /* bite.wav */,
				708CCC6D1C94F7BE00A8C781 /* cave-music.mp3 */,
				708CCC6E1C94F7BE00A8C781 /* death.wav */,
				708CCC6F1C94F7BE00A8C781 /* heart.wav */,
				708CCC701C94F7BE00A8C781 /* skull.wav */,
				708CCC561C93B3ED00A8C781 /* AppDelegate.swift */,
				708CCC581C93B3ED00A8C781 /* ViewController.swift */,
				708CCC681C93BF4D00A8C781 /* DragImg.swift */,
				708CCC6A1C94B5CD00A8C781 /* MonsterImg.swift */,
				708CCC5A1C93B3ED00A8C781 /* Main.storyboard */,
				708CCC5D1C93B3ED00A8C781 /* Assets.xcassets */,
				708CCC5F1C93B3ED00A8C781 /* LaunchScreen.storyboard */,
				708CCC621C93B3ED00A8C781 /* Info.plist */,
			);
			path = Gigapet;
			sourceTree = "<group>";
		};
/* End PBXGroup section */

/* Begin PBXNativeTarget section */
		708CCC521C93B3ED00A8C781 /* Gigapet */ = {
			isa = PBXNativeTarget;
			buildConfigurationList = 708CCC651C93B3ED00A8C781 /* Build configuration list for PBXNativeTarget "Gigapet" */;
			buildPhases = (
				708CCC4F1C93B3ED00A8C781 /* Sources */,
				708CCC501C93B3ED00A8C781 /* Frameworks */,
				708CCC511C93B3ED00A8C781 /* Resources */,
			);
			buildRules = (
			);
			dependencies = (
			);
			name = Gigapet;
			productName = Gigapet;
			productReference = 708CCC531C93B3ED00A8C781 /* Gigapet.app */;
			productType = "com.apple.product-type.application";
		};
/* End PBXNativeTarget section */

/* Begin PBXProject section */
		708CCC4B1C93B3ED00A8C781 /* Project object */ = {
			isa = PBXProject;
			attributes = {
				LastSwiftUpdateCheck = 0720;
				LastUpgradeCheck = 0720;
				ORGANIZATIONNAME = DLEE;
				TargetAttributes = {
					708CCC521C93B3ED00A8C781 = {
						CreatedOnToolsVersion = 7.2;
						LastSwiftMigration = 0820;
					};
				};
			};
			buildConfigurationList = 708CCC4E1C93B3ED00A8C781 /* Build configuration list for PBXProject "Gigapet" */;
			compatibilityVersion = "Xcode 3.2";
			developmentRegion = English;
			hasScannedForEncodings = 0;
			knownRegions = (
				en,
				Base,
			);
			mainGroup = 708CCC4A1C93B3ED00A8C781;
			productRefGroup = 708CCC541C93B3ED00A8C781 /* Products */;
			projectDirPath = "";
			projectRoot = "";
			targets = (
				708CCC521C93B3ED00A8C781 /* Gigapet */,
			);
		};
/* End PBXProject section */

/* Begin PBXResourcesBuildPhase section */
		708CCC511C93B3ED00A8C781 /* Resources */ = {
			isa = PBXResourcesBuildPhase;
			buildActionMask = 2147483647;
			files = (
				708CCC751C94F7BE00A8C781 /* skull.wav in Resources */,
				708CCC711C94F7BE00A8C781 /* bite.wav in Resources */,
				708CCC731C94F7BE00A8C781 /* death.wav in Resources */,
				708CCC741C94F7BE00A8C781 /* heart.wav in Resources */,
				708CCC721C94F7BE00A8C781 /* cave-music.mp3 in Resources */,
				708CCC611C93B3ED00A8C781 /* LaunchScreen.storyboard in Resources */,
				708CCC5E1C93B3ED00A8C781 /* Assets.xcassets in Resources */,
				708CCC5C1C93B3ED00A8C781 /* Main.storyboard in Resources */,
			);
			runOnlyForDeploymentPostprocessing = 0;
		};
/* End PBXResourcesBuildPhase section */

/* Begin PBXSourcesBuildPhase section */
		708CCC4F1C93B3ED00A8C781 /* Sources */ = {
			isa = PBXSourcesBuildPhase;
			buildActionMask = 2147483647;
			files = (
				708CCC6B1C94B5CD00A8C781 /* MonsterImg.swift in Sources */,
				708CCC691C93BF4D00A8C781 /* DragImg.swift in Sources */,
				708CCC591C93B3ED00A8C781 /* ViewController.swift in Sources */,
				708CCC571C93B3ED00A8C781 /* AppDelegate.swift in Sources */,
			);
			runOnlyForDeploymentPostprocessing = 0;
		};
/* End PBXSourcesBuildPhase section */

/* Begin PBXVariantGroup section */
		708CCC5A1C93B3ED00A8C781 /* Main.storyboard */ = {
			isa = PBXVariantGroup;
			children = (
				708CCC5B1C93B3ED00A8C781 /* Base */,
			);
			name = Main.storyboard;
			sourceTree = "<group>";
		};
		708CCC5F1C93B3ED00A8C781 /* LaunchScreen.storyboard */ = {
			isa = PBXVariantGroup;
			children = (
				708CCC601C93B3ED00A8C781 /* Base */,
			);
			name = LaunchScreen.storyboard;
			sourceTree = "<group>";
		};
/* End PBXVariantGroup section */

/* Begin XCBuildConfiguration section */
		708CCC631C93B3ED00A8C781 /* Debug */ = {
			isa = XCBuildConfiguration;
			buildSettings = {
				ALWAYS_SEARCH_USER_PATHS = NO;
				CLANG_CXX_LANGUAGE_STANDARD = "gnu++0x";
				CLANG_CXX_LIBRARY = "libc++";
				CLANG_ENABLE_MODULES = YES;
				CLANG_ENABLE_OBJC_ARC = YES;
				CLANG_WARN_BOOL_CONVERSION = YES;
				CLANG_WARN_CONSTANT_CONVERSION = YES;
				CLANG_WARN_DIRECT_OBJC_ISA_USAGE = YES_ERROR;
				CLANG_WARN_EMPTY_BODY = YES;
				CLANG_WARN_ENUM_CONVERSION = YES;
				CLANG_WARN_INT_CONVERSION = YES;
				CLANG_WARN_OBJC_ROOT_CLASS = YES_ERROR;
				CLANG_WARN_UNREACHABLE_CODE = YES;
				CLANG_WARN__DUPLICATE_METHOD_MATCH = YES;
				"CODE_SIGN_IDENTITY[sdk=iphoneos*]" = "iPhone Developer";
				COPY_PHASE_STRIP = NO;
				DEBUG_INFORMATION_FORMAT = dwarf;
				ENABLE_STRICT_OBJC_MSGSEND = YES;
				ENABLE_TESTABILITY = YES;
				GCC_C_LANGUAGE_STANDARD = gnu99;
				GCC_DYNAMIC_NO_PIC = NO;
				GCC_NO_COMMON_BLOCKS = YES;
				GCC_OPTIMIZATION_LEVEL = 0;
				GCC_PREPROCESSOR_DEFINITIONS = (
					"DEBUG=1",
					"$(inherited)",
				);
				GCC_WARN_64_TO_32_BIT_CONVERSION = YES;
				GCC_WARN_ABOUT_RETURN_TYPE = YES_ERROR;
				GCC_WARN_UNDECLARED_SELECTOR = YES;
				GCC_WARN_UNINITIALIZED_AUTOS = YES_AGGRESSIVE;
				GCC_WARN_UNUSED_FUNCTION = YES;
				GCC_WARN_UNUSED_VARIABLE = YES;
				IPHONEOS_DEPLOYMENT_TARGET = 9.2;
				MTL_ENABLE_DEBUG_INFO = YES;
				ONLY_ACTIVE_ARCH = YES;
				SDKROOT = iphoneos;
				SWIFT_OPTIMIZATION_LEVEL = "-Onone";
			};
			name = Debug;
		};
		708CCC641C93B3ED00A8C781 /* Release */ = {
			isa = XCBuildConfiguration;
			buildSettings = {
				ALWAYS_SEARCH_USER_PATHS = NO;
				CLANG_CXX_LANGUAGE_STANDARD = "gnu++0x";
				CLANG_CXX_LIBRARY = "libc++";
				CLANG_ENABLE_MODULES = YES;
				CLANG_ENABLE_OBJC_ARC = YES;
				CLANG_WARN_BOOL_CONVERSION = YES;
				CLANG_WARN_CONSTANT_CONVERSION = YES;
				CLANG_WARN_DIRECT_OBJC_ISA_USAGE = YES_ERROR;
				CLANG_WARN_EMPTY_BODY = YES;
				CLANG_WARN_ENUM_CONVERSION = YES;
				CLANG_WARN_INT_CONVERSION = YES;
				CLANG_WARN_OBJC_ROOT_CLASS = YES_ERROR;
				CLANG_WARN_UNREACHABLE_CODE = YES;
				CLANG_WARN__DUPLICATE_METHOD_MATCH = YES;
				"CODE_SIGN_IDENTITY[sdk=iphoneos*]" = "iPhone Developer";
				COPY_PHASE_STRIP = NO;
				DEBUG_INFORMATION_FORMAT = "dwarf-with-dsym";
				ENABLE_NS_ASSERTIONS = NO;
				ENABLE_STRICT_OBJC_MSGSEND = YES;
				GCC_C_LANGUAGE_STANDARD = gnu99;
				GCC_NO_COMMON_BLOCKS = YES;
				GCC_WARN_64_TO_32_BIT_CONVERSION = YES;
				GCC_WARN_ABOUT_RETURN_TYPE = YES_ERROR;
				GCC_WARN_UNDECLARED_SELECTOR = YES;
				GCC_WARN_UNINITIALIZED_AUTOS = YES_AGGRESSIVE;
				GCC_WARN_UNUSED_FUNCTION = YES;
				GCC_WARN_UNUSED_VARIABLE = YES;
				IPHONEOS_DEPLOYMENT_TARGET = 9.2;
				MTL_ENABLE_DEBUG_INFO = NO;
				SDKROOT = iphoneos;
				VALIDATE_PRODUCT = YES;
			};
			name = Release;
		};
		708CCC661C93B3ED00A8C781 /* Debug */ = {
			isa = XCBuildConfiguration;
			buildSettings = {
				ASSETCATALOG_COMPILER_APPICON_NAME = AppIcon;
				INFOPLIST_FILE = Gigapet/Info.plist;
				LD_RUNPATH_SEARCH_PATHS = "$(inherited) @executable_path/Frameworks";
				PRODUCT_BUNDLE_IDENTIFIER = dlee923.Gigapet;
				PRODUCT_NAME = "$(TARGET_NAME)";
				SWIFT_VERSION = 3.0;
			};
			name = Debug;
		};
		708CCC671C93B3ED00A8C781 /* Release */ = {
			isa = XCBuildConfiguration;
			buildSettings = {
				ASSETCATALOG_COMPILER_APPICON_NAME = AppIcon;
				INFOPLIST_FILE = Gigapet/Info.plist;
				LD_RUNPATH_SEARCH_PATHS = "$(inherited) @executable_path/Frameworks";
				PRODUCT_BUNDLE_IDENTIFIER = dlee923.Gigapet;
				PRODUCT_NAME = "$(TARGET_NAME)";
				SWIFT_VERSION = 3.0;
			};
			name = Release;
		};
/* End XCBuildConfiguration section */

/* Begin XCConfigurationList section */
		708CCC4E1C93B3ED00A8C781 /* Build configuration list for PBXProject "Gigapet" */ = {
			isa = XCConfigurationList;
			buildConfigurations = (
				708CCC631C93B3ED00A8C781 /* Debug */,
				708CCC641C93B3ED00A8C781 /* Release */,
			);
			defaultConfigurationIsVisible = 0;
			defaultConfigurationName = Release;
		};
		708CCC651C93B3ED00A8C781 /* Build configuration list for PBXNativeTarget "Gigapet" */ = {
			isa = XCConfigurationList;
			buildConfigurations = (
				708CCC661C93B3ED00A8C781 /* Debug */,
				708CCC671C93B3ED00A8C781 /* Release */,
			);
			defaultConfigurationIsVisible = 0;
			defaultConfigurationName = Release;
		};
/* End XCConfigurationList section */
	};
	rootObject = 708CCC4B1C93B3ED00A8C781 /* Project object */;
}
